<?xml version="1.0" encoding="UTF-8" standalone="yes" ?>
<CodeBlocks_project_file>
	<FileVersion major="1" minor="6" />
	<Project>
		<Option title="arduino_core_libs" />
		<Option pch_mode="2" />
		<Option compiler="avrgcc" />
		<Build>
			<Target title="Debug">
				<Option output="bin/Debug/arduino_core_libs.elf" prefix_auto="1" extension_auto="0" />
				<Option object_output="obj/Debug/" />
				<Option type="1" />
				<Option compiler="avrgcc" />
			</Target>
			<Target title="Release">
				<Option output="bin/Release/arduino_core_libs.elf" prefix_auto="1" extension_auto="0" />
				<Option object_output="obj/Release/" />
				<Option type="1" />
				<Option compiler="avrgcc" />
				<Compiler>
					<Add option="-Os" />
				</Compiler>
			</Target>
			<Environment>
				<Variable name="build_dir" value="../arduino_core_libs" />
				<Variable name="obj_dir" value="../arduino_core_libs/obj/Debug" />
			</Environment>
		</Build>
		<Compiler>
			<Add option="-Os" />
			<Add option="-Wmain" />
			<Add option="-Wall" />
			<Add option="-g" />
			<Add option="-mmcu=atmega168p" />
			<Add option="-fno-exceptions -ffunction-sections -fdata-sections" />
			<Add option="-DF_CPU=16000000UL" />
			<Add directory="../arduino_core_libs" />
			<Add directory="EEPROM" />
			<Add directory="Ethernet" />
			<Add directory="SPI" />
			<Add directory="Wire" />
		</Compiler>
		<Linker>
			<Add option="-Os" />
			<Add option="-mmcu=atmega168p" />
			<Add option="-Wl,-Map=$(TARGET_OUTPUT_FILE).map,--cref" />
			<Add library="/usr/local/avr/avr/lib/libc.a" />
			<Add library="/usr/local/avr/avr/lib/libm.a" />
		</Linker>
		<ExtraCommands>
			<Add after="$(build_dir)/make_core.sh $(obj_dir)" />
			<Mode after="always" />
		</ExtraCommands>
		<Unit filename="EEPROM/EEPROM.cpp" />
		<Unit filename="EEPROM/EEPROM.h" />
		<Unit filename="Ethernet/Client.cpp" />
		<Unit filename="Ethernet/Client.h" />
		<Unit filename="Ethernet/Ethernet.cpp" />
		<Unit filename="Ethernet/Ethernet.h" />
		<Unit filename="Ethernet/Server.cpp" />
		<Unit filename="Ethernet/Server.h" />
		<Unit filename="Ethernet/Udp.cpp" />
		<Unit filename="Ethernet/Udp.h" />
		<Unit filename="Ethernet/utility/socket.cpp" />
		<Unit filename="Ethernet/utility/socket.h" />
		<Unit filename="Ethernet/utility/w5100.cpp" />
		<Unit filename="Ethernet/utility/w5100.h" />
		<Unit filename="HardwareSerial.cpp" />
		<Unit filename="HardwareSerial.h" />
		<Unit filename="Print.cpp" />
		<Unit filename="Print.h" />
		<Unit filename="SPI/SPI.cpp" />
		<Unit filename="SPI/SPI.h" />
		<Unit filename="Stream.h" />
		<Unit filename="Tone.cpp" />
		<Unit filename="WCharacter.h" />
		<Unit filename="WConstants.h" />
		<Unit filename="WInterrupts.c">
			<Option compilerVar="CC" />
		</Unit>
		<Unit filename="WMath.cpp" />
		<Unit filename="WProgram.h" />
		<Unit filename="WString.cpp" />
		<Unit filename="WString.h" />
		<Unit filename="Wire/Wire.cpp" />
		<Unit filename="Wire/Wire.h" />
		<Unit filename="Wire/utility/twi.c">
			<Option compilerVar="CC" />
		</Unit>
		<Unit filename="Wire/utility/twi.h" />
		<Unit filename="binary.h" />
		<Unit filename="main.cpp" />
		<Unit filename="pins_arduino.c">
			<Option compilerVar="CC" />
		</Unit>
		<Unit filename="pins_arduino.h" />
		<Unit filename="wiring.c">
			<Option compilerVar="CC" />
		</Unit>
		<Unit filename="wiring.h" />
		<Unit filename="wiring_analog.c">
			<Option compilerVar="CC" />
		</Unit>
		<Unit filename="wiring_digital.c">
			<Option compilerVar="CC" />
		</Unit>
		<Unit filename="wiring_private.h" />
		<Unit filename="wiring_pulse.c">
			<Option compilerVar="CC" />
		</Unit>
		<Unit filename="wiring_shift.c">
			<Option compilerVar="CC" />
		</Unit>
		<Extensions>
			<envvars />
			<code_completion />
			<lib_finder disable_auto="1" />
			<debugger />
		</Extensions>
	</Project>
</CodeBlocks_project_file>
